// !$*UTF8*$!
{
	archiveVersion = 1;
	classes = {
	};
	objectVersion = 46;
	objects = {

/* Begin PBXBuildFile section */
		723C0E9E1C9C4B2A0033687B /* AppDelegate.swift in Sources */ = {isa = PBXBuildFile; fileRef = 723C0E9D1C9C4B2A0033687B /* AppDelegate.swift */; };
		723C0EA01C9C4B2A0033687B /* ViewController.swift in Sources */ = {isa = PBXBuildFile; fileRef = 723C0E9F1C9C4B2A0033687B /* ViewController.swift */; };
		723C0EA31C9C4B2A0033687B /* Main.storyboard in Resources */ = {isa = PBXBuildFile; fileRef = 723C0EA11C9C4B2A0033687B /* Main.storyboard */; };
		723C0EA51C9C4B2A0033687B /* Assets.xcassets in Resources */ = {isa = PBXBuildFile; fileRef = 723C0EA41C9C4B2A0033687B /* Assets.xcassets */; };
		723C0EA81C9C4B2A0033687B /* LaunchScreen.storyboard in Resources */ = {isa = PBXBuildFile; fileRef = 723C0EA61C9C4B2A0033687B /* LaunchScreen.storyboard */; };
		723C0EB31C9C4B2A0033687B /* ButtonBarTests.swift in Sources */ = {isa = PBXBuildFile; fileRef = 723C0EB21C9C4B2A0033687B /* ButtonBarTests.swift */; };
		723C0EBE1C9C4B2B0033687B /* ButtonBarUITests.swift in Sources */ = {isa = PBXBuildFile; fileRef = 723C0EBD1C9C4B2B0033687B /* ButtonBarUITests.swift */; };
		723C0ECC1C9C4B6A0033687B /* ButtonView.swift in Sources */ = {isa = PBXBuildFile; fileRef = 723C0ECB1C9C4B6A0033687B /* ButtonView.swift */; };
		723C0ECE1C9C4B7C0033687B /* ButtonView.xib in Resources */ = {isa = PBXBuildFile; fileRef = 723C0ECD1C9C4B7C0033687B /* ButtonView.xib */; };
		723C0ED21C9C4C0B0033687B /* ColorContent.storyboard in Resources */ = {isa = PBXBuildFile; fileRef = 723C0ED11C9C4C0B0033687B /* ColorContent.storyboard */; };
		723C0ED41C9C4C230033687B /* ColorContentVC.swift in Sources */ = {isa = PBXBuildFile; fileRef = 723C0ED31C9C4C230033687B /* ColorContentVC.swift */; };
		723C0ED61C9C4C380033687B /* ListContentVC.swift in Sources */ = {isa = PBXBuildFile; fileRef = 723C0ED51C9C4C380033687B /* ListContentVC.swift */; };
		723C0ED81C9C4C480033687B /* ListContent.storyboard in Resources */ = {isa = PBXBuildFile; fileRef = 723C0ED71C9C4C480033687B /* ListContent.storyboard */; };
		723C0EDC1C9C51F20033687B /* Xibs.swift in Sources */ = {isa = PBXBuildFile; fileRef = 723C0EDB1C9C51F20033687B /* Xibs.swift */; };
		723C0EDE1C9C55EB0033687B /* TableVC.swift in Sources */ = {isa = PBXBuildFile; fileRef = 723C0EDD1C9C55EB0033687B /* TableVC.swift */; };
		E2B98840E2A6F4B7995C2803 /* Pods_ButtonBar.framework in Frameworks */ = {isa = PBXBuildFile; fileRef = 97EED8A0994FE295E1F30A76 /* Pods_ButtonBar.framework */; };
/* End PBXBuildFile section */

/* Begin PBXContainerItemProxy section */
		723C0EAF1C9C4B2A0033687B /* PBXContainerItemProxy */ = {
			isa = PBXContainerItemProxy;
			containerPortal = 723C0E921C9C4B2A0033687B /* Project object */;
			proxyType = 1;
			remoteGlobalIDString = 723C0E991C9C4B2A0033687B;
			remoteInfo = ButtonBar;
		};
		723C0EBA1C9C4B2A0033687B /* PBXContainerItemProxy */ = {
			isa = PBXContainerItemProxy;
			containerPortal = 723C0E921C9C4B2A0033687B /* Project object */;
			proxyType = 1;
			remoteGlobalIDString = 723C0E991C9C4B2A0033687B;
			remoteInfo = ButtonBar;
		};
/* End PBXContainerItemProxy section */

/* Begin PBXFileReference section */
		60C56DBA41CC166871AC534D /* Pods-ButtonBar.debug.xcconfig */ = {isa = PBXFileReference; includeInIndex = 1; lastKnownFileType = text.xcconfig; name = "Pods-ButtonBar.debug.xcconfig"; path = "Pods/Target Support Files/Pods-ButtonBar/Pods-ButtonBar.debug.xcconfig"; sourceTree = "<group>"; };
		723C0E9A1C9C4B2A0033687B /* ButtonBar.app */ = {isa = PBXFileReference; explicitFileType = wrapper.application; includeInIndex = 0; path = ButtonBar.app; sourceTree = BUILT_PRODUCTS_DIR; };
		723C0E9D1C9C4B2A0033687B /* AppDelegate.swift */ = {isa = PBXFileReference; lastKnownFileType = sourcecode.swift; path = AppDelegate.swift; sourceTree = "<group>"; };
		723C0E9F1C9C4B2A0033687B /* ViewController.swift */ = {isa = PBXFileReference; lastKnownFileType = sourcecode.swift; path = ViewController.swift; sourceTree = "<group>"; };
		723C0EA21C9C4B2A0033687B /* Base */ = {isa = PBXFileReference; lastKnownFileType = file.storyboard; name = Base; path = Base.lproj/Main.storyboard; sourceTree = "<group>"; };
		723C0EA41C9C4B2A0033687B /* Assets.xcassets */ = {isa = PBXFileReference; lastKnownFileType = folder.assetcatalog; path = Assets.xcassets; sourceTree = "<group>"; };
		723C0EA71C9C4B2A0033687B /* Base */ = {isa = PBXFileReference; lastKnownFileType = file.storyboard; name = Base; path = Base.lproj/LaunchScreen.storyboard; sourceTree = "<group>"; };
		723C0EA91C9C4B2A0033687B /* Info.plist */ = {isa = PBXFileReference; lastKnownFileType = text.plist.xml; path = Info.plist; sourceTree = "<group>"; };
		723C0EAE1C9C4B2A0033687B /* ButtonBarTests.xctest */ = {isa = PBXFileReference; explicitFileType = wrapper.cfbundle; includeInIndex = 0; path = ButtonBarTests.xctest; sourceTree = BUILT_PRODUCTS_DIR; };
		723C0EB21C9C4B2A0033687B /* ButtonBarTests.swift */ = {isa = PBXFileReference; lastKnownFileType = sourcecode.swift; path = ButtonBarTests.swift; sourceTree = "<group>"; };
		723C0EB41C9C4B2A0033687B /* Info.plist */ = {isa = PBXFileReference; lastKnownFileType = text.plist.xml; path = Info.plist; sourceTree = "<group>"; };
		723C0EB91C9C4B2A0033687B /* ButtonBarUITests.xctest */ = {isa = PBXFileReference; explicitFileType = wrapper.cfbundle; includeInIndex = 0; path = ButtonBarUITests.xctest; sourceTree = BUILT_PRODUCTS_DIR; };
		723C0EBD1C9C4B2B0033687B /* ButtonBarUITests.swift */ = {isa = PBXFileReference; lastKnownFileType = sourcecode.swift; path = ButtonBarUITests.swift; sourceTree = "<group>"; };
		723C0EBF1C9C4B2B0033687B /* Info.plist */ = {isa = PBXFileReference; lastKnownFileType = text.plist.xml; path = Info.plist; sourceTree = "<group>"; };
		723C0ECB1C9C4B6A0033687B /* ButtonView.swift */ = {isa = PBXFileReference; fileEncoding = 4; lastKnownFileType = sourcecode.swift; path = ButtonView.swift; sourceTree = "<group>"; };
		723C0ECD1C9C4B7C0033687B /* ButtonView.xib */ = {isa = PBXFileReference; fileEncoding = 4; lastKnownFileType = file.xib; path = ButtonView.xib; sourceTree = "<group>"; };
		723C0ED11C9C4C0B0033687B /* ColorContent.storyboard */ = {isa = PBXFileReference; fileEncoding = 4; lastKnownFileType = file.storyboard; path = ColorContent.storyboard; sourceTree = "<group>"; };
		723C0ED31C9C4C230033687B /* ColorContentVC.swift */ = {isa = PBXFileReference; fileEncoding = 4; lastKnownFileType = sourcecode.swift; path = ColorContentVC.swift; sourceTree = "<group>"; };
		723C0ED51C9C4C380033687B /* ListContentVC.swift */ = {isa = PBXFileReference; fileEncoding = 4; lastKnownFileType = sourcecode.swift; path = ListContentVC.swift; sourceTree = "<group>"; };
		723C0ED71C9C4C480033687B /* ListContent.storyboard */ = {isa = PBXFileReference; fileEncoding = 4; lastKnownFileType = file.storyboard; path = ListContent.storyboard; sourceTree = "<group>"; };
		723C0EDB1C9C51F20033687B /* Xibs.swift */ = {isa = PBXFileReference; fileEncoding = 4; lastKnownFileType = sourcecode.swift; path = Xibs.swift; sourceTree = "<group>"; };
		723C0EDD1C9C55EB0033687B /* TableVC.swift */ = {isa = PBXFileReference; fileEncoding = 4; lastKnownFileType = sourcecode.swift; path = TableVC.swift; sourceTree = "<group>"; };
		97EED8A0994FE295E1F30A76 /* Pods_ButtonBar.framework */ = {isa = PBXFileReference; explicitFileType = wrapper.framework; includeInIndex = 0; path = Pods_ButtonBar.framework; sourceTree = BUILT_PRODUCTS_DIR; };
		FDB756A58A59E7EF63212270 /* Pods-ButtonBar.release.xcconfig */ = {isa = PBXFileReference; includeInIndex = 1; lastKnownFileType = text.xcconfig; name = "Pods-ButtonBar.release.xcconfig"; path = "Pods/Target Support Files/Pods-ButtonBar/Pods-ButtonBar.release.xcconfig"; sourceTree = "<group>"; };
/* End PBXFileReference section */

/* Begin PBXFrameworksBuildPhase section */
		723C0E971C9C4B2A0033687B /* Frameworks */ = {
			isa = PBXFrameworksBuildPhase;
			buildActionMask = 2147483647;
			files = (
				E2B98840E2A6F4B7995C2803 /* Pods_ButtonBar.framework in Frameworks */,
			);
			runOnlyForDeploymentPostprocessing = 0;
		};
		723C0EAB1C9C4B2A0033687B /* Frameworks */ = {
			isa = PBXFrameworksBuildPhase;
			buildActionMask = 2147483647;
			files = (
			);
			runOnlyForDeploymentPostprocessing = 0;
		};
		723C0EB61C9C4B2A0033687B /* Frameworks */ = {
			isa = PBXFrameworksBuildPhase;
			buildActionMask = 2147483647;
			files = (
			);
			runOnlyForDeploymentPostprocessing = 0;
		};
/* End PBXFrameworksBuildPhase section */

/* Begin PBXGroup section */
		716C6BA1C079B2336B545DB1 /* Pods */ = {
			isa = PBXGroup;
			children = (
				60C56DBA41CC166871AC534D /* Pods-ButtonBar.debug.xcconfig */,
				FDB756A58A59E7EF63212270 /* Pods-ButtonBar.release.xcconfig */,
			);
			name = Pods;
			sourceTree = "<group>";
		};
		723C0E911C9C4B2A0033687B = {
			isa = PBXGroup;
			children = (
				723C0E9C1C9C4B2A0033687B /* ButtonBar */,
				723C0EB11C9C4B2A0033687B /* ButtonBarTests */,
				723C0EBC1C9C4B2A0033687B /* ButtonBarUITests */,
				723C0E9B1C9C4B2A0033687B /* Products */,
				716C6BA1C079B2336B545DB1 /* Pods */,
				84573D07492BC60215744E16 /* Frameworks */,
			);
			sourceTree = "<group>";
		};
		723C0E9B1C9C4B2A0033687B /* Products */ = {
			isa = PBXGroup;
			children = (
				723C0E9A1C9C4B2A0033687B /* ButtonBar.app */,
				723C0EAE1C9C4B2A0033687B /* ButtonBarTests.xctest */,
				723C0EB91C9C4B2A0033687B /* ButtonBarUITests.xctest */,
			);
			name = Products;
			sourceTree = "<group>";
		};
		723C0E9C1C9C4B2A0033687B /* ButtonBar */ = {
			isa = PBXGroup;
			children = (
				723C0E9D1C9C4B2A0033687B /* AppDelegate.swift */,
				723C0ECB1C9C4B6A0033687B /* ButtonView.swift */,
				723C0ECD1C9C4B7C0033687B /* ButtonView.xib */,
				723C0ED31C9C4C230033687B /* ColorContentVC.swift */,
				723C0ED11C9C4C0B0033687B /* ColorContent.storyboard */,
				723C0ED51C9C4C380033687B /* ListContentVC.swift */,
				723C0ED71C9C4C480033687B /* ListContent.storyboard */,
				723C0EDD1C9C55EB0033687B /* TableVC.swift */,
				723C0EDB1C9C51F20033687B /* Xibs.swift */,
				723C0E9F1C9C4B2A0033687B /* ViewController.swift */,
				723C0EA11C9C4B2A0033687B /* Main.storyboard */,
				723C0EA41C9C4B2A0033687B /* Assets.xcassets */,
				723C0EA61C9C4B2A0033687B /* LaunchScreen.storyboard */,
				723C0EA91C9C4B2A0033687B /* Info.plist */,
			);
			path = ButtonBar;
			sourceTree = "<group>";
		};
		723C0EB11C9C4B2A0033687B /* ButtonBarTests */ = {
			isa = PBXGroup;
			children = (
				723C0EB21C9C4B2A0033687B /* ButtonBarTests.swift */,
				723C0EB41C9C4B2A0033687B /* Info.plist */,
			);
			path = ButtonBarTests;
			sourceTree = "<group>";
		};
		723C0EBC1C9C4B2A0033687B /* ButtonBarUITests */ = {
			isa = PBXGroup;
			children = (
				723C0EBD1C9C4B2B0033687B /* ButtonBarUITests.swift */,
				723C0EBF1C9C4B2B0033687B /* Info.plist */,
			);
			path = ButtonBarUITests;
			sourceTree = "<group>";
		};
		84573D07492BC60215744E16 /* Frameworks */ = {
			isa = PBXGroup;
			children = (
				97EED8A0994FE295E1F30A76 /* Pods_ButtonBar.framework */,
			);
			name = Frameworks;
			sourceTree = "<group>";
		};
/* End PBXGroup section */

/* Begin PBXNativeTarget section */
		723C0E991C9C4B2A0033687B /* ButtonBar */ = {
			isa = PBXNativeTarget;
			buildConfigurationList = 723C0EC21C9C4B2B0033687B /* Build configuration list for PBXNativeTarget "ButtonBar" */;
			buildPhases = (
				015DD9E56EEFDFEAB24BC053 /* Check Pods Manifest.lock */,
				723C0E961C9C4B2A0033687B /* Sources */,
				723C0E971C9C4B2A0033687B /* Frameworks */,
				723C0E981C9C4B2A0033687B /* Resources */,
				B4CB95C9BF3CF7826C9FFB01 /* Embed Pods Frameworks */,
				2242D0656ABC495BDADD5A51 /* Copy Pods Resources */,
			);
			buildRules = (
			);
			dependencies = (
			);
			name = ButtonBar;
			productName = ButtonBar;
			productReference = 723C0E9A1C9C4B2A0033687B /* ButtonBar.app */;
			productType = "com.apple.product-type.application";
		};
		723C0EAD1C9C4B2A0033687B /* ButtonBarTests */ = {
			isa = PBXNativeTarget;
			buildConfigurationList = 723C0EC51C9C4B2B0033687B /* Build configuration list for PBXNativeTarget "ButtonBarTests" */;
			buildPhases = (
				723C0EAA1C9C4B2A0033687B /* Sources */,
				723C0EAB1C9C4B2A0033687B /* Frameworks */,
				723C0EAC1C9C4B2A0033687B /* Resources */,
			);
			buildRules = (
			);
			dependencies = (
				723C0EB01C9C4B2A0033687B /* PBXTargetDependency */,
			);
			name = ButtonBarTests;
			productName = ButtonBarTests;
			productReference = 723C0EAE1C9C4B2A0033687B /* ButtonBarTests.xctest */;
			productType = "com.apple.product-type.bundle.unit-test";
		};
		723C0EB81C9C4B2A0033687B /* ButtonBarUITests */ = {
			isa = PBXNativeTarget;
			buildConfigurationList = 723C0EC81C9C4B2B0033687B /* Build configuration list for PBXNativeTarget "ButtonBarUITests" */;
			buildPhases = (
				723C0EB51C9C4B2A0033687B /* Sources */,
				723C0EB61C9C4B2A0033687B /* Frameworks */,
				723C0EB71C9C4B2A0033687B /* Resources */,
			);
			buildRules = (
			);
			dependencies = (
				723C0EBB1C9C4B2A0033687B /* PBXTargetDependency */,
			);
			name = ButtonBarUITests;
			productName = ButtonBarUITests;
			productReference = 723C0EB91C9C4B2A0033687B /* ButtonBarUITests.xctest */;
			productType = "com.apple.product-type.bundle.ui-testing";
		};
/* End PBXNativeTarget section */

/* Begin PBXProject section */
		723C0E921C9C4B2A0033687B /* Project object */ = {
			isa = PBXProject;
			attributes = {
				LastSwiftUpdateCheck = 0720;
				LastUpgradeCheck = 0720;
				ORGANIZATIONNAME = LightningKite;
				TargetAttributes = {
					723C0E991C9C4B2A0033687B = {
						CreatedOnToolsVersion = 7.2.1;
					};
					723C0EAD1C9C4B2A0033687B = {
						CreatedOnToolsVersion = 7.2.1;
						TestTargetID = 723C0E991C9C4B2A0033687B;
					};
					723C0EB81C9C4B2A0033687B = {
						CreatedOnToolsVersion = 7.2.1;
						TestTargetID = 723C0E991C9C4B2A0033687B;
					};
				};
			};
			buildConfigurationList = 723C0E951C9C4B2A0033687B /* Build configuration list for PBXProject "ButtonBar" */;
			compatibilityVersion = "Xcode 3.2";
			developmentRegion = English;
			hasScannedForEncodings = 0;
			knownRegions = (
				en,
				Base,
			);
			mainGroup = 723C0E911C9C4B2A0033687B;
			productRefGroup = 723C0E9B1C9C4B2A0033687B /* Products */;
			projectDirPath = "";
			projectRoot = "";
			targets = (
				723C0E991C9C4B2A0033687B /* ButtonBar */,
				723C0EAD1C9C4B2A0033687B /* ButtonBarTests */,
				723C0EB81C9C4B2A0033687B /* ButtonBarUITests */,
			);
		};
/* End PBXProject section */

/* Begin PBXResourcesBuildPhase section */
		723C0E981C9C4B2A0033687B /* Resources */ = {
			isa = PBXResourcesBuildPhase;
			buildActionMask = 2147483647;
			files = (
				723C0EA81C9C4B2A0033687B /* LaunchScreen.storyboard in Resources */,
				723C0ED81C9C4C480033687B /* ListContent.storyboard in Resources */,
				723C0ED21C9C4C0B0033687B /* ColorContent.storyboard in Resources */,
				723C0EA51C9C4B2A0033687B /* Assets.xcassets in Resources */,
				723C0ECE1C9C4B7C0033687B /* ButtonView.xib in Resources */,
				723C0EA31C9C4B2A0033687B /* Main.storyboard in Resources */,
			);
			runOnlyForDeploymentPostprocessing = 0;
		};
		723C0EAC1C9C4B2A0033687B /* Resources */ = {
			isa = PBXResourcesBuildPhase;
			buildActionMask = 2147483647;
			files = (
			);
			runOnlyForDeploymentPostprocessing = 0;
		};
		723C0EB71C9C4B2A0033687B /* Resources */ = {
			isa = PBXResourcesBuildPhase;
			buildActionMask = 2147483647;
			files = (
			);
			runOnlyForDeploymentPostprocessing = 0;
		};
/* End PBXResourcesBuildPhase section */

/* Begin PBXShellScriptBuildPhase section */
		015DD9E56EEFDFEAB24BC053 /* Check Pods Manifest.lock */ = {
			isa = PBXShellScriptBuildPhase;
			buildActionMask = 2147483647;
			files = (
			);
			inputPaths = (
			);
			name = "Check Pods Manifest.lock";
			outputPaths = (
			);
			runOnlyForDeploymentPostprocessing = 0;
			shellPath = /bin/sh;
			shellScript = "diff \"${PODS_ROOT}/../Podfile.lock\" \"${PODS_ROOT}/Manifest.lock\" > /dev/null\nif [[ $? != 0 ]] ; then\n    cat << EOM\nerror: The sandbox is not in sync with the Podfile.lock. Run 'pod install' or update your CocoaPods installation.\nEOM\n    exit 1\nfi\n";
			showEnvVarsInLog = 0;
		};
		2242D0656ABC495BDADD5A51 /* Copy Pods Resources */ = {
			isa = PBXShellScriptBuildPhase;
			buildActionMask = 2147483647;
			files = (
			);
			inputPaths = (
			);
			name = "Copy Pods Resources";
			outputPaths = (
			);
			runOnlyForDeploymentPostprocessing = 0;
			shellPath = /bin/sh;
			shellScript = "\"${SRCROOT}/Pods/Target Support Files/Pods-ButtonBar/Pods-ButtonBar-resources.sh\"\n";
			showEnvVarsInLog = 0;
		};
		B4CB95C9BF3CF7826C9FFB01 /* Embed Pods Frameworks */ = {
			isa = PBXShellScriptBuildPhase;
			buildActionMask = 2147483647;
			files = (
			);
			inputPaths = (
			);
			name = "Embed Pods Frameworks";
			outputPaths = (
			);
			runOnlyForDeploymentPostprocessing = 0;
			shellPath = /bin/sh;
			shellScript = "\"${SRCROOT}/Pods/Target Support Files/Pods-ButtonBar/Pods-ButtonBar-frameworks.sh\"\n";
			showEnvVarsInLog = 0;
		};
/* End PBXShellScriptBuildPhase section */

/* Begin PBXSourcesBuildPhase section */
		723C0E961C9C4B2A0033687B /* Sources */ = {
			isa = PBXSourcesBuildPhase;
			buildActionMask = 2147483647;
			files = (
				723C0EA01C9C4B2A0033687B /* ViewController.swift in Sources */,
				723C0EDE1C9C55EB0033687B /* TableVC.swift in Sources */,
				723C0E9E1C9C4B2A0033687B /* AppDelegate.swift in Sources */,
				723C0ED61C9C4C380033687B /* ListContentVC.swift in Sources */,
				723C0EDC1C9C51F20033687B /* Xibs.swift in Sources */,
				723C0ED41C9C4C230033687B /* ColorContentVC.swift in Sources */,
				723C0ECC1C9C4B6A0033687B /* ButtonView.swift in Sources */,
			);
			runOnlyForDeploymentPostprocessing = 0;
		};
		723C0EAA1C9C4B2A0033687B /* Sources */ = {
			isa = PBXSourcesBuildPhase;
			buildActionMask = 2147483647;
			files = (
				723C0EB31C9C4B2A0033687B /* ButtonBarTests.swift in Sources */,
			);
			runOnlyForDeploymentPostprocessing = 0;
		};
		723C0EB51C9C4B2A0033687B /* Sources */ = {
			isa = PBXSourcesBuildPhase;
			buildActionMask = 2147483647;
			files = (
				723C0EBE1C9C4B2B0033687B /* ButtonBarUITests.swift in Sources */,
			);
			runOnlyForDeploymentPostprocessing = 0;
		};
/* End PBXSourcesBuildPhase section */

/* Begin PBXTargetDependency section */
		723C0EB01C9C4B2A0033687B /* PBXTargetDependency */ = {
			isa = PBXTargetDependency;
			target = 723C0E991C9C4B2A0033687B /* ButtonBar */;
			targetProxy = 723C0EAF1C9C4B2A0033687B /* PBXContainerItemProxy */;
		};
		723C0EBB1C9C4B2A0033687B /* PBXTargetDependency */ = {
			isa = PBXTargetDependency;
			target = 723C0E991C9C4B2A0033687B /* ButtonBar */;
			targetProxy = 723C0EBA1C9C4B2A0033687B /* PBXContainerItemProxy */;
		};
/* End PBXTargetDependency section */

/* Begin PBXVariantGroup section */
		723C0EA11C9C4B2A0033687B /* Main.storyboard */ = {
			isa = PBXVariantGroup;
			children = (
				723C0EA21C9C4B2A0033687B /* Base */,
			);
			name = Main.storyboard;
			sourceTree = "<group>";
		};
		723C0EA61C9C4B2A0033687B /* LaunchScreen.storyboard */ = {
			isa = PBXVariantGroup;
			children = (
				723C0EA71C9C4B2A0033687B /* Base */,
			);
			name = LaunchScreen.storyboard;
			sourceTree = "<group>";
		};
/* End PBXVariantGroup section */

/* Begin XCBuildConfiguration section */
		723C0EC01C9C4B2B0033687B /* Debug */ = {
			isa = XCBuildConfiguration;
			buildSettings = {
				ALWAYS_SEARCH_USER_PATHS = NO;
				CLANG_CXX_LANGUAGE_STANDARD = "gnu++0x";
				CLANG_CXX_LIBRARY = "libc++";
				CLANG_ENABLE_MODULES = YES;
				CLANG_ENABLE_OBJC_ARC = YES;
				CLANG_WARN_BOOL_CONVERSION = YES;
				CLANG_WARN_CONSTANT_CONVERSION = YES;
				CLANG_WARN_DIRECT_OBJC_ISA_USAGE = YES_ERROR;
				CLANG_WARN_EMPTY_BODY = YES;
				CLANG_WARN_ENUM_CONVERSION = YES;
				CLANG_WARN_INT_CONVERSION = YES;
				CLANG_WARN_OBJC_ROOT_CLASS = YES_ERROR;
				CLANG_WARN_UNREACHABLE_CODE = YES;
				CLANG_WARN__DUPLICATE_METHOD_MATCH = YES;
				"CODE_SIGN_IDENTITY[sdk=iphoneos*]" = "iPhone Developer";
				COPY_PHASE_STRIP = NO;
				DEBUG_INFORMATION_FORMAT = dwarf;
				ENABLE_STRICT_OBJC_MSGSEND = YES;
				ENABLE_TESTABILITY = YES;
				GCC_C_LANGUAGE_STANDARD = gnu99;
				GCC_DYNAMIC_NO_PIC = NO;
				GCC_NO_COMMON_BLOCKS = YES;
				GCC_OPTIMIZATION_LEVEL = 0;
				GCC_PREPROCESSOR_DEFINITIONS = (
					"DEBUG=1",
					"$(inherited)",
				);
				GCC_WARN_64_TO_32_BIT_CONVERSION = YES;
				GCC_WARN_ABOUT_RETURN_TYPE = YES_ERROR;
				GCC_WARN_UNDECLARED_SELECTOR = YES;
				GCC_WARN_UNINITIALIZED_AUTOS = YES_AGGRESSIVE;
				GCC_WARN_UNUSED_FUNCTION = YES;
				GCC_WARN_UNUSED_VARIABLE = YES;
				IPHONEOS_DEPLOYMENT_TARGET = 9.2;
				MTL_ENABLE_DEBUG_INFO = YES;
				ONLY_ACTIVE_ARCH = YES;
				SDKROOT = iphoneos;
				SWIFT_OPTIMIZATION_LEVEL = "-Onone";
				TARGETED_DEVICE_FAMILY = "1,2";
			};
			name = Debug;
		};
		723C0EC11C9C4B2B0033687B /* Release */ = {
			isa = XCBuildConfiguration;
			buildSettings = {
				ALWAYS_SEARCH_USER_PATHS = NO;
				CLANG_CXX_LANGUAGE_STANDARD = "gnu++0x";
				CLANG_CXX_LIBRARY = "libc++";
				CLANG_ENABLE_MODULES = YES;
				CLANG_ENABLE_OBJC_ARC = YES;
				CLANG_WARN_BOOL_CONVERSION = YES;
				CLANG_WARN_CONSTANT_CONVERSION = YES;
				CLANG_WARN_DIRECT_OBJC_ISA_USAGE = YES_ERROR;
				CLANG_WARN_EMPTY_BODY = YES;
				CLANG_WARN_ENUM_CONVERSION = YES;
				CLANG_WARN_INT_CONVERSION = YES;
				CLANG_WARN_OBJC_ROOT_CLASS = YES_ERROR;
				CLANG_WARN_UNREACHABLE_CODE = YES;
				CLANG_WARN__DUPLICATE_METHOD_MATCH = YES;
				"CODE_SIGN_IDENTITY[sdk=iphoneos*]" = "iPhone Developer";
				COPY_PHASE_STRIP = NO;
				DEBUG_INFORMATION_FORMAT = "dwarf-with-dsym";
				ENABLE_NS_ASSERTIONS = NO;
				ENABLE_STRICT_OBJC_MSGSEND = YES;
				GCC_C_LANGUAGE_STANDARD = gnu99;
				GCC_NO_COMMON_BLOCKS = YES;
				GCC_WARN_64_TO_32_BIT_CONVERSION = YES;
				GCC_WARN_ABOUT_RETURN_TYPE = YES_ERROR;
				GCC_WARN_UNDECLARED_SELECTOR = YES;
				GCC_WARN_UNINITIALIZED_AUTOS = YES_AGGRESSIVE;
				GCC_WARN_UNUSED_FUNCTION = YES;
				GCC_WARN_UNUSED_VARIABLE = YES;
				IPHONEOS_DEPLOYMENT_TARGET = 9.2;
				MTL_ENABLE_DEBUG_INFO = NO;
				SDKROOT = iphoneos;
				TARGETED_DEVICE_FAMILY = "1,2";
				VALIDATE_PRODUCT = YES;
			};
			name = Release;
		};
		723C0EC31C9C4B2B0033687B /* Debug */ = {
			isa = XCBuildConfiguration;
			baseConfigurationReference = 60C56DBA41CC166871AC534D /* Pods-ButtonBar.debug.xcconfig */;
			buildSettings = {
				ASSETCATALOG_COMPILER_APPICON_NAME = AppIcon;
				INFOPLIST_FILE = ButtonBar/Info.plist;
				LD_RUNPATH_SEARCH_PATHS = "$(inherited) @executable_path/Frameworks";
				PRODUCT_BUNDLE_IDENTIFIER = com.LightningKite.ButtonBar;
				PRODUCT_NAME = "$(TARGET_NAME)";
			};
			name = Debug;
		};
		723C0EC41C9C4B2B0033687B /* Release */ = {
			isa = XCBuildConfiguration;
			baseConfigurationReference = FDB756A58A59E7EF63212270 /* Pods-ButtonBar.release.xcconfig */;
			buildSettings = {
				ASSETCATALOG_COMPILER_APPICON_NAME = AppIcon;
				INFOPLIST_FILE = ButtonBar/Info.plist;
				LD_RUNPATH_SEARCH_PATHS = "$(inherited) @executable_path/Frameworks";
				PRODUCT_BUNDLE_IDENTIFIER = com.LightningKite.ButtonBar;
				PRODUCT_NAME = "$(TARGET_NAME)";
			};
			name = Release;
		};
		723C0EC61C9C4B2B0033687B /* Debug */ = {
			isa = XCBuildConfiguration;
			buildSettings = {
				BUNDLE_LOADER = "$(TEST_HOST)";
				INFOPLIST_FILE = ButtonBarTests/Info.plist;
				LD_RUNPATH_SEARCH_PATHS = "$(inherited) @executable_path/Frameworks @loader_path/Frameworks";
				PRODUCT_BUNDLE_IDENTIFIER = com.LightningKite.ButtonBarTests;
				PRODUCT_NAME = "$(TARGET_NAME)";
				TEST_HOST = "$(BUILT_PRODUCTS_DIR)/ButtonBar.app/ButtonBar";
			};
			name = Debug;
		};
		723C0EC71C9C4B2B0033687B /* Release */ = {
			isa = XCBuildConfiguration;
			buildSettings = {
				BUNDLE_LOADER = "$(TEST_HOST)";
				INFOPLIST_FILE = ButtonBarTests/Info.plist;
				LD_RUNPATH_SEARCH_PATHS = "$(inherited) @executable_path/Frameworks @loader_path/Frameworks";
				PRODUCT_BUNDLE_IDENTIFIER = com.LightningKite.ButtonBarTests;
				PRODUCT_NAME = "$(TARGET_NAME)";
				TEST_HOST = "$(BUILT_PRODUCTS_DIR)/ButtonBar.app/ButtonBar";
			};
			name = Release;
		};
		723C0EC91C9C4B2B0033687B /* Debug */ = {
			isa = XCBuildConfiguration;
			buildSettings = {
				INFOPLIST_FILE = ButtonBarUITests/Info.plist;
				LD_RUNPATH_SEARCH_PATHS = "$(inherited) @executable_path/Frameworks @loader_path/Frameworks";
				PRODUCT_BUNDLE_IDENTIFIER = com.LightningKite.ButtonBarUITests;
				PRODUCT_NAME = "$(TARGET_NAME)";
				TEST_TARGET_NAME = ButtonBar;
				USES_XCTRUNNER = YES;
			};
			name = Debug;
		};
		723C0ECA1C9C4B2B0033687B /* Release */ = {
			isa = XCBuildConfiguration;
			buildSettings = {
				INFOPLIST_FILE = ButtonBarUITests/Info.plist;
				LD_RUNPATH_SEARCH_PATHS = "$(inherited) @executable_path/Frameworks @loader_path/Frameworks";
				PRODUCT_BUNDLE_IDENTIFIER = com.LightningKite.ButtonBarUITests;
				PRODUCT_NAME = "$(TARGET_NAME)";
				TEST_TARGET_NAME = ButtonBar;
				USES_XCTRUNNER = YES;
			};
			name = Release;
		};
/* End XCBuildConfiguration section */

/* Begin XCConfigurationList section */
		723C0E951C9C4B2A0033687B /* Build configuration list for PBXProject "ButtonBar" */ = {
			isa = XCConfigurationList;
			buildConfigurations = (
				723C0EC01C9C4B2B0033687B /* Debug */,
				723C0EC11C9C4B2B0033687B /* Release */,
			);
			defaultConfigurationIsVisible = 0;
			defaultConfigurationName = Release;
		};
		723C0EC21C9C4B2B0033687B /* Build configuration list for PBXNativeTarget "ButtonBar" */ = {
			isa = XCConfigurationList;
			buildConfigurations = (
				723C0EC31C9C4B2B0033687B /* Debug */,
				723C0EC41C9C4B2B0033687B /* Release */,
			);
			defaultConfigurationIsVisible = 0;
			defaultConfigurationName = Release;
		};
		723C0EC51C9C4B2B0033687B /* Build configuration list for PBXNativeTarget "ButtonBarTests" */ = {
			isa = XCConfigurationList;
			buildConfigurations = (
				723C0EC61C9C4B2B0033687B /* Debug */,
				723C0EC71C9C4B2B0033687B /* Release */,
			);
			defaultConfigurationIsVisible = 0;
			defaultConfigurationName = Release;
		};
		723C0EC81C9C4B2B0033687B /* Build configuration list for PBXNativeTarget "ButtonBarUITests" */ = {
			isa = XCConfigurationList;
			buildConfigurations = (
				723C0EC91C9C4B2B0033687B /* Debug */,
				723C0ECA1C9C4B2B0033687B /* Release */,
			);
			defaultConfigurationIsVisible = 0;
			defaultConfigurationName = Release;
		};
/* End XCConfigurationList section */
	};
	rootObject = 723C0E921C9C4B2A0033687B /* Project object */;
}
