PODS:
  - LKTabBarController (0.1.5):
    - SnapKit (~> 0.19)
  - SnapKit (0.20.0)

DEPENDENCIES:
  - LKTabBarController (from `../`)

EXTERNAL SOURCES:
  LKTabBarController:
    :path: ../

SPEC CHECKSUMS:
  LKTabBarController: 5d636f21652e5f06707a1d88bfa341156bbe516c
  SnapKit: 5fce3c1bbbf1fbd31de9aa92f33eb9fa03f15650

PODFILE CHECKSUM: bc8ba7e8c7407eeaf84ad2f87c55e0f5fc9958fd

COCOAPODS: 1.0.1
